
Microsoft Visual Studio Solution File, Format Version 12.00
# Visual Studio Version 17
VisualStudioVersion = 17.7.34202.233
MinimumVisualStudioVersion = 10.0.40219.1
Project("{9A19103F-16F7-4668-BE54-9A1E7A4F7556}") = "secondApp", "secondApp\secondApp.csproj", "{DF77D40E-7F9E-4609-BB98-3C1E806BFFE4}"
EndProject
Project("{9A19103F-16F7-4668-BE54-9A1E7A4F7556}") = "webApp2", "webApp2\webApp2.csproj", "{9C466134-14A4-4751-9132-57A4C1D4C63D}"
EndProject
Project("{9A19103F-16F7-4668-BE54-9A1E7A4F7556}") = "winApp", "winApp\winApp.csproj", "{6BAB003E-117F-4912-A855-7BE2D317254B}"
EndProject
Project("{2150E333-8FDC-42A3-9474-1A3956D46DE8}") = "Empsystem", "Empsystem", "{ED7F0A93-85A7-4636-AFF5-ECC4E89AE896}"
EndProject
Project("{9A19103F-16F7-4668-BE54-9A1E7A4F7556}") = "emplib", "emplib\emplib.csproj", "{3076CEE1-DD3B-4A9A-8854-D7313893EA02}"
EndProject
Project("{9A19103F-16F7-4668-BE54-9A1E7A4F7556}") = "EmpConsole", "EmpConsole\EmpConsole.csproj", "{02385DAB-40BF-4223-BC90-A8ACA8BAD4F3}"
EndProject
Project("{2150E333-8FDC-42A3-9474-1A3956D46DE8}") = "ShapeManager", "ShapeManager", "{06F3DF3A-C31C-4110-8545-998C507B65E2}"
EndProject
Project("{9A19103F-16F7-4668-BE54-9A1E7A4F7556}") = "shapeconsole", "shapeconsole\shapeconsole.csproj", "{0CC75593-D77C-42BC-AB25-B496338AD6CF}"
EndProject
Project("{9A19103F-16F7-4668-BE54-9A1E7A4F7556}") = "shapelib", "shapelib\shapelib.csproj", "{205B0429-BFC5-4835-B69B-E6C2B3C7540F}"
EndProject
Project("{2150E333-8FDC-42A3-9474-1A3956D46DE8}") = "BL", "BL", "{7D7584D7-F349-4934-A007-74611B74B136}"
EndProject
Project("{2150E333-8FDC-42A3-9474-1A3956D46DE8}") = "PL", "PL", "{7D4B7357-5AAD-4F40-B0ED-88F2ACC8E782}"
EndProject
Project("{9A19103F-16F7-4668-BE54-9A1E7A4F7556}") = "empforms", "empforms\empforms.csproj", "{9103B33D-E4FE-4D88-AAC6-C2A82E0CDFC6}"
EndProject
Project("{9A19103F-16F7-4668-BE54-9A1E7A4F7556}") = "delegates", "delegates\delegates.csproj", "{DAE0CA7C-E693-4830-8F2A-2DF81C4BD3C9}"
EndProject
Project("{2150E333-8FDC-42A3-9474-1A3956D46DE8}") = "DAL", "DAL", "{ED52A932-BDD6-4FFA-97B8-E26745F3E22D}"
EndProject
Project("{9A19103F-16F7-4668-BE54-9A1E7A4F7556}") = "TESTDAL", "TESTDAL\TESTDAL.csproj", "{54A855FC-E046-46C8-A753-B5B72AA7F915}"
EndProject
Project("{9A19103F-16F7-4668-BE54-9A1E7A4F7556}") = "LabDal", "LabDal\LabDal.csproj", "{8F675621-6958-40A1-9B23-8B9041BBD8AE}"
EndProject
Project("{9A19103F-16F7-4668-BE54-9A1E7A4F7556}") = "TestDbConsole", "TestDbConsole\TestDbConsole.csproj", "{290A2955-2E0B-405F-A67A-DC96CEDB06B5}"
EndProject
Project("{9A19103F-16F7-4668-BE54-9A1E7A4F7556}") = "DBFirstEF", "DBFirstEF\DBFirstEF.csproj", "{2CAF88AC-3841-4B64-A99F-B0A89D5D5F84}"
EndProject
Project("{9A19103F-16F7-4668-BE54-9A1E7A4F7556}") = "SampleWebApp", "SampleWebApp\SampleWebApp.csproj", "{DE420417-BD88-4CB0-8C7B-204E9112D922}"
EndProject
Project("{9A19103F-16F7-4668-BE54-9A1E7A4F7556}") = "EmpDAL", "EmpDAL\EmpDAL.csproj", "{97126580-4A4B-42FD-A067-76210264F1E4}"
EndProject
Project("{2150E333-8FDC-42A3-9474-1A3956D46DE8}") = "ProductTemplate", "ProductTemplate", "{5BEA93A0-AF9B-4CD5-9478-68DDBFD6C9AD}"
EndProject
Project("{9A19103F-16F7-4668-BE54-9A1E7A4F7556}") = "WebPL", "MVCBolierPlate\WebPL.csproj", "{4FA18D7A-5DC5-4B7B-8212-55DF6947B50B}"
EndProject
Project("{9A19103F-16F7-4668-BE54-9A1E7A4F7556}") = "BLLib1", "BLLib1\BLLib1.csproj", "{3A03F4A6-805F-41E4-B642-1FD0C9013025}"
EndProject
Project("{9A19103F-16F7-4668-BE54-9A1E7A4F7556}") = "BLLib2", "BLLib2\BLLib2.csproj", "{5D1F1D27-4F29-4FC9-B26E-7EBBE0022B1D}"
EndProject
Project("{9A19103F-16F7-4668-BE54-9A1E7A4F7556}") = "DALLib", "DALLib\DALLib.csproj", "{FE86E675-BA1F-4871-9D24-E8D388197AEA}"
EndProject
Project("{9A19103F-16F7-4668-BE54-9A1E7A4F7556}") = "ServiceApi", "ServiceApi\ServiceApi.csproj", "{A2411F8E-6D7E-457C-AB69-167CC4F0309D}"
EndProject
Project("{9A19103F-16F7-4668-BE54-9A1E7A4F7556}") = "EmpMVC", "EmpMVC\EmpMVC.csproj", "{3F186E0A-0A10-4E76-A837-7FA33754AE7E}"
EndProject
Project("{FAE04EC0-301F-11D3-BF4B-00C04F79EFBC}") = "FirstApi", "FirstApi\FirstApi.csproj", "{B1F89258-8A2F-49D6-8EB0-56968653317D}"
EndProject
Global
	GlobalSection(SolutionConfigurationPlatforms) = preSolution
		Debug|Any CPU = Debug|Any CPU
		Release|Any CPU = Release|Any CPU
	EndGlobalSection
	GlobalSection(ProjectConfigurationPlatforms) = postSolution
		{DF77D40E-7F9E-4609-BB98-3C1E806BFFE4}.Debug|Any CPU.ActiveCfg = Debug|Any CPU
		{DF77D40E-7F9E-4609-BB98-3C1E806BFFE4}.Debug|Any CPU.Build.0 = Debug|Any CPU
		{DF77D40E-7F9E-4609-BB98-3C1E806BFFE4}.Release|Any CPU.ActiveCfg = Release|Any CPU
		{DF77D40E-7F9E-4609-BB98-3C1E806BFFE4}.Release|Any CPU.Build.0 = Release|Any CPU
		{9C466134-14A4-4751-9132-57A4C1D4C63D}.Debug|Any CPU.ActiveCfg = Debug|Any CPU
		{9C466134-14A4-4751-9132-57A4C1D4C63D}.Debug|Any CPU.Build.0 = Debug|Any CPU
		{9C466134-14A4-4751-9132-57A4C1D4C63D}.Release|Any CPU.ActiveCfg = Release|Any CPU
		{9C466134-14A4-4751-9132-57A4C1D4C63D}.Release|Any CPU.Build.0 = Release|Any CPU
		{6BAB003E-117F-4912-A855-7BE2D317254B}.Debug|Any CPU.ActiveCfg = Debug|Any CPU
		{6BAB003E-117F-4912-A855-7BE2D317254B}.Debug|Any CPU.Build.0 = Debug|Any CPU
		{6BAB003E-117F-4912-A855-7BE2D317254B}.Release|Any CPU.ActiveCfg = Release|Any CPU
		{6BAB003E-117F-4912-A855-7BE2D317254B}.Release|Any CPU.Build.0 = Release|Any CPU
		{3076CEE1-DD3B-4A9A-8854-D7313893EA02}.Debug|Any CPU.ActiveCfg = Debug|Any CPU
		{3076CEE1-DD3B-4A9A-8854-D7313893EA02}.Debug|Any CPU.Build.0 = Debug|Any CPU
		{3076CEE1-DD3B-4A9A-8854-D7313893EA02}.Release|Any CPU.ActiveCfg = Release|Any CPU
		{3076CEE1-DD3B-4A9A-8854-D7313893EA02}.Release|Any CPU.Build.0 = Release|Any CPU
		{02385DAB-40BF-4223-BC90-A8ACA8BAD4F3}.Debug|Any CPU.ActiveCfg = Debug|Any CPU
		{02385DAB-40BF-4223-BC90-A8ACA8BAD4F3}.Debug|Any CPU.Build.0 = Debug|Any CPU
		{02385DAB-40BF-4223-BC90-A8ACA8BAD4F3}.Release|Any CPU.ActiveCfg = Release|Any CPU
		{02385DAB-40BF-4223-BC90-A8ACA8BAD4F3}.Release|Any CPU.Build.0 = Release|Any CPU
		{0CC75593-D77C-42BC-AB25-B496338AD6CF}.Debug|Any CPU.ActiveCfg = Debug|Any CPU
		{0CC75593-D77C-42BC-AB25-B496338AD6CF}.Debug|Any CPU.Build.0 = Debug|Any CPU
		{0CC75593-D77C-42BC-AB25-B496338AD6CF}.Release|Any CPU.ActiveCfg = Release|Any CPU
		{0CC75593-D77C-42BC-AB25-B496338AD6CF}.Release|Any CPU.Build.0 = Release|Any CPU
		{205B0429-BFC5-4835-B69B-E6C2B3C7540F}.Debug|Any CPU.ActiveCfg = Debug|Any CPU
		{205B0429-BFC5-4835-B69B-E6C2B3C7540F}.Debug|Any CPU.Build.0 = Debug|Any CPU
		{205B0429-BFC5-4835-B69B-E6C2B3C7540F}.Release|Any CPU.ActiveCfg = Release|Any CPU
		{205B0429-BFC5-4835-B69B-E6C2B3C7540F}.Release|Any CPU.Build.0 = Release|Any CPU
		{9103B33D-E4FE-4D88-AAC6-C2A82E0CDFC6}.Debug|Any CPU.ActiveCfg = Debug|Any CPU
		{9103B33D-E4FE-4D88-AAC6-C2A82E0CDFC6}.Debug|Any CPU.Build.0 = Debug|Any CPU
		{9103B33D-E4FE-4D88-AAC6-C2A82E0CDFC6}.Release|Any CPU.ActiveCfg = Release|Any CPU
		{9103B33D-E4FE-4D88-AAC6-C2A82E0CDFC6}.Release|Any CPU.Build.0 = Release|Any CPU
		{DAE0CA7C-E693-4830-8F2A-2DF81C4BD3C9}.Debug|Any CPU.ActiveCfg = Debug|Any CPU
		{DAE0CA7C-E693-4830-8F2A-2DF81C4BD3C9}.Debug|Any CPU.Build.0 = Debug|Any CPU
		{DAE0CA7C-E693-4830-8F2A-2DF81C4BD3C9}.Release|Any CPU.ActiveCfg = Release|Any CPU
		{DAE0CA7C-E693-4830-8F2A-2DF81C4BD3C9}.Release|Any CPU.Build.0 = Release|Any CPU
		{54A855FC-E046-46C8-A753-B5B72AA7F915}.Debug|Any CPU.ActiveCfg = Debug|Any CPU
		{54A855FC-E046-46C8-A753-B5B72AA7F915}.Debug|Any CPU.Build.0 = Debug|Any CPU
		{54A855FC-E046-46C8-A753-B5B72AA7F915}.Release|Any CPU.ActiveCfg = Release|Any CPU
		{54A855FC-E046-46C8-A753-B5B72AA7F915}.Release|Any CPU.Build.0 = Release|Any CPU
		{8F675621-6958-40A1-9B23-8B9041BBD8AE}.Debug|Any CPU.ActiveCfg = Debug|Any CPU
		{8F675621-6958-40A1-9B23-8B9041BBD8AE}.Debug|Any CPU.Build.0 = Debug|Any CPU
		{8F675621-6958-40A1-9B23-8B9041BBD8AE}.Release|Any CPU.ActiveCfg = Release|Any CPU
		{8F675621-6958-40A1-9B23-8B9041BBD8AE}.Release|Any CPU.Build.0 = Release|Any CPU
		{290A2955-2E0B-405F-A67A-DC96CEDB06B5}.Debug|Any CPU.ActiveCfg = Debug|Any CPU
		{290A2955-2E0B-405F-A67A-DC96CEDB06B5}.Debug|Any CPU.Build.0 = Debug|Any CPU
		{290A2955-2E0B-405F-A67A-DC96CEDB06B5}.Release|Any CPU.ActiveCfg = Release|Any CPU
		{290A2955-2E0B-405F-A67A-DC96CEDB06B5}.Release|Any CPU.Build.0 = Release|Any CPU
		{2CAF88AC-3841-4B64-A99F-B0A89D5D5F84}.Debug|Any CPU.ActiveCfg = Debug|Any CPU
		{2CAF88AC-3841-4B64-A99F-B0A89D5D5F84}.Debug|Any CPU.Build.0 = Debug|Any CPU
		{2CAF88AC-3841-4B64-A99F-B0A89D5D5F84}.Release|Any CPU.ActiveCfg = Release|Any CPU
		{2CAF88AC-3841-4B64-A99F-B0A89D5D5F84}.Release|Any CPU.Build.0 = Release|Any CPU
		{DE420417-BD88-4CB0-8C7B-204E9112D922}.Debug|Any CPU.ActiveCfg = Debug|Any CPU
		{DE420417-BD88-4CB0-8C7B-204E9112D922}.Debug|Any CPU.Build.0 = Debug|Any CPU
		{DE420417-BD88-4CB0-8C7B-204E9112D922}.Release|Any CPU.ActiveCfg = Release|Any CPU
		{DE420417-BD88-4CB0-8C7B-204E9112D922}.Release|Any CPU.Build.0 = Release|Any CPU
		{97126580-4A4B-42FD-A067-76210264F1E4}.Debug|Any CPU.ActiveCfg = Debug|Any CPU
		{97126580-4A4B-42FD-A067-76210264F1E4}.Debug|Any CPU.Build.0 = Debug|Any CPU
		{97126580-4A4B-42FD-A067-76210264F1E4}.Release|Any CPU.ActiveCfg = Release|Any CPU
		{97126580-4A4B-42FD-A067-76210264F1E4}.Release|Any CPU.Build.0 = Release|Any CPU
		{4FA18D7A-5DC5-4B7B-8212-55DF6947B50B}.Debug|Any CPU.ActiveCfg = Debug|Any CPU
		{4FA18D7A-5DC5-4B7B-8212-55DF6947B50B}.Debug|Any CPU.Build.0 = Debug|Any CPU
		{4FA18D7A-5DC5-4B7B-8212-55DF6947B50B}.Release|Any CPU.ActiveCfg = Release|Any CPU
		{4FA18D7A-5DC5-4B7B-8212-55DF6947B50B}.Release|Any CPU.Build.0 = Release|Any CPU
		{3A03F4A6-805F-41E4-B642-1FD0C9013025}.Debug|Any CPU.ActiveCfg = Debug|Any CPU
		{3A03F4A6-805F-41E4-B642-1FD0C9013025}.Debug|Any CPU.Build.0 = Debug|Any CPU
		{3A03F4A6-805F-41E4-B642-1FD0C9013025}.Release|Any CPU.ActiveCfg = Release|Any CPU
		{3A03F4A6-805F-41E4-B642-1FD0C9013025}.Release|Any CPU.Build.0 = Release|Any CPU
		{5D1F1D27-4F29-4FC9-B26E-7EBBE0022B1D}.Debug|Any CPU.ActiveCfg = Debug|Any CPU
		{5D1F1D27-4F29-4FC9-B26E-7EBBE0022B1D}.Debug|Any CPU.Build.0 = Debug|Any CPU
		{5D1F1D27-4F29-4FC9-B26E-7EBBE0022B1D}.Release|Any CPU.ActiveCfg = Release|Any CPU
		{5D1F1D27-4F29-4FC9-B26E-7EBBE0022B1D}.Release|Any CPU.Build.0 = Release|Any CPU
		{FE86E675-BA1F-4871-9D24-E8D388197AEA}.Debug|Any CPU.ActiveCfg = Debug|Any CPU
		{FE86E675-BA1F-4871-9D24-E8D388197AEA}.Debug|Any CPU.Build.0 = Debug|Any CPU
		{FE86E675-BA1F-4871-9D24-E8D388197AEA}.Release|Any CPU.ActiveCfg = Release|Any CPU
		{FE86E675-BA1F-4871-9D24-E8D388197AEA}.Release|Any CPU.Build.0 = Release|Any CPU
		{A2411F8E-6D7E-457C-AB69-167CC4F0309D}.Debug|Any CPU.ActiveCfg = Debug|Any CPU
		{A2411F8E-6D7E-457C-AB69-167CC4F0309D}.Debug|Any CPU.Build.0 = Debug|Any CPU
		{A2411F8E-6D7E-457C-AB69-167CC4F0309D}.Release|Any CPU.ActiveCfg = Release|Any CPU
		{A2411F8E-6D7E-457C-AB69-167CC4F0309D}.Release|Any CPU.Build.0 = Release|Any CPU
		{3F186E0A-0A10-4E76-A837-7FA33754AE7E}.Debug|Any CPU.ActiveCfg = Debug|Any CPU
		{3F186E0A-0A10-4E76-A837-7FA33754AE7E}.Debug|Any CPU.Build.0 = Debug|Any CPU
		{3F186E0A-0A10-4E76-A837-7FA33754AE7E}.Release|Any CPU.ActiveCfg = Release|Any CPU
		{3F186E0A-0A10-4E76-A837-7FA33754AE7E}.Release|Any CPU.Build.0 = Release|Any CPU
		{B1F89258-8A2F-49D6-8EB0-56968653317D}.Debug|Any CPU.ActiveCfg = Debug|Any CPU
		{B1F89258-8A2F-49D6-8EB0-56968653317D}.Debug|Any CPU.Build.0 = Debug|Any CPU
		{B1F89258-8A2F-49D6-8EB0-56968653317D}.Release|Any CPU.ActiveCfg = Release|Any CPU
		{B1F89258-8A2F-49D6-8EB0-56968653317D}.Release|Any CPU.Build.0 = Release|Any CPU
	EndGlobalSection
	GlobalSection(SolutionProperties) = preSolution
		HideSolutionNode = FALSE
	EndGlobalSection
	GlobalSection(NestedProjects) = preSolution
		{3076CEE1-DD3B-4A9A-8854-D7313893EA02} = {7D7584D7-F349-4934-A007-74611B74B136}
		{02385DAB-40BF-4223-BC90-A8ACA8BAD4F3} = {7D4B7357-5AAD-4F40-B0ED-88F2ACC8E782}
		{0CC75593-D77C-42BC-AB25-B496338AD6CF} = {06F3DF3A-C31C-4110-8545-998C507B65E2}
		{205B0429-BFC5-4835-B69B-E6C2B3C7540F} = {06F3DF3A-C31C-4110-8545-998C507B65E2}
		{7D7584D7-F349-4934-A007-74611B74B136} = {ED7F0A93-85A7-4636-AFF5-ECC4E89AE896}
		{7D4B7357-5AAD-4F40-B0ED-88F2ACC8E782} = {ED7F0A93-85A7-4636-AFF5-ECC4E89AE896}
		{9103B33D-E4FE-4D88-AAC6-C2A82E0CDFC6} = {ED7F0A93-85A7-4636-AFF5-ECC4E89AE896}
		{ED52A932-BDD6-4FFA-97B8-E26745F3E22D} = {ED7F0A93-85A7-4636-AFF5-ECC4E89AE896}
		{54A855FC-E046-46C8-A753-B5B72AA7F915} = {ED52A932-BDD6-4FFA-97B8-E26745F3E22D}
		{8F675621-6958-40A1-9B23-8B9041BBD8AE} = {ED52A932-BDD6-4FFA-97B8-E26745F3E22D}
		{290A2955-2E0B-405F-A67A-DC96CEDB06B5} = {7D4B7357-5AAD-4F40-B0ED-88F2ACC8E782}
		{2CAF88AC-3841-4B64-A99F-B0A89D5D5F84} = {ED52A932-BDD6-4FFA-97B8-E26745F3E22D}
		{97126580-4A4B-42FD-A067-76210264F1E4} = {ED52A932-BDD6-4FFA-97B8-E26745F3E22D}
		{4FA18D7A-5DC5-4B7B-8212-55DF6947B50B} = {5BEA93A0-AF9B-4CD5-9478-68DDBFD6C9AD}
		{3A03F4A6-805F-41E4-B642-1FD0C9013025} = {5BEA93A0-AF9B-4CD5-9478-68DDBFD6C9AD}
		{5D1F1D27-4F29-4FC9-B26E-7EBBE0022B1D} = {5BEA93A0-AF9B-4CD5-9478-68DDBFD6C9AD}
		{FE86E675-BA1F-4871-9D24-E8D388197AEA} = {5BEA93A0-AF9B-4CD5-9478-68DDBFD6C9AD}
		{A2411F8E-6D7E-457C-AB69-167CC4F0309D} = {5BEA93A0-AF9B-4CD5-9478-68DDBFD6C9AD}
		{3F186E0A-0A10-4E76-A837-7FA33754AE7E} = {7D4B7357-5AAD-4F40-B0ED-88F2ACC8E782}
	EndGlobalSection
	GlobalSection(ExtensibilityGlobals) = postSolution
		SolutionGuid = {47D6493B-8A44-48D0-8DB7-CA928173FA5F}
	EndGlobalSection
EndGlobal
